("quicklisp" .
 (:class qlot/source/dist:source-dist
  :initargs (:distribution "https://beta.quicklisp.org/dist/quicklisp.txt" :%version :latest)
  :version "2026-01-01"))
("elp" .
 (:class qlot/source/git:source-git
  :initargs (:remote-url "https://github.com/ramfjord/elp.git")
  :version "git-0ee46566c729673ddc57b075fb1fe64afc82210d"))
("swank-lsp" .
 (:class qlot/source/git:source-git
  :initargs (:remote-url "https://github.com/ramfjord/swank-lsp.git")
  :version "git-1ec792665f79aebbfd75a2086e0cacf19607b57c"))
("cl-scope-resolver" .
 (:class qlot/source/git:source-git
  :initargs (:remote-url "https://github.com/ramfjord/cl-scope-resolver.git")
  :version "git-b8a137c420d37ad4b2eecf529a29864b07328cde"))
("jsonrpc" .
 (:class qlot/source/git:source-git
  :initargs (:remote-url "https://github.com/ramfjord/jsonrpc.git" :branch "fix/byte-counted-content-length-binary")
  :version "git-53caf42cb3d4afabb84a3869505d16d25c423895"))
("cl-csv" .
 (:class qlot/source/ql:source-ql
  :initargs (:%version :latest)
  :version "ql-2024-10-12"))
